
Microsoft Visual Studio Solution File, Format Version 12.00
# Visual Studio 15
VisualStudioVersion = 15.0.27703.2035
MinimumVisualStudioVersion = 10.0.40219.1
Project("{888888A0-9F3D-457C-B088-3A5042F75D52}") = "google_io", "google_io\google_io.pyproj", "{81D8C48A-1DD6-4B7E-9FE9-A40C46607666}"
EndProject
Global
	GlobalSection(SolutionConfigurationPlatforms) = preSolution
		Debug|Any CPU = Debug|Any CPU
		Release|Any CPU = Release|Any CPU
	EndGlobalSection
	GlobalSection(ProjectConfigurationPlatforms) = postSolution
		{81D8C48A-1DD6-4B7E-9FE9-A40C46607666}.Debug|Any CPU.ActiveCfg = Debug|Any CPU
		{81D8C48A-1DD6-4B7E-9FE9-A40C46607666}.Release|Any CPU.ActiveCfg = Release|Any CPU
	EndGlobalSection
	GlobalSection(SolutionProperties) = preSolution
		HideSolutionNode = FALSE
	EndGlobalSection
	GlobalSection(ExtensibilityGlobals) = postSolution
		SolutionGuid = {4E596365-E53C-41B5-A405-6C6D352D1A7F}
	EndGlobalSection
EndGlobal
